
Microsoft Visual Studio Solution File, Format Version 12.00
# Visual Studio Version 17
VisualStudioVersion = 17.4.33213.308
MinimumVisualStudioVersion = 10.0.40219.1
Project("{8BC9CEB8-8B4A-11D0-8D11-00A0C91BC942}") = "IO_2557", "PS_beginer\PS_beginer.vcxproj", "{2F580D7B-88DD-42F1-85C1-1B8257602A02}"
EndProject
Project("{8BC9CEB8-8B4A-11D0-8D11-00A0C91BC942}") = "IO_1000", "IO_1000\IO_1000.vcxproj", "{D4A2DB47-6C1C-4E18-BF85-762278BD4E73}"
EndProject
Project("{8BC9CEB8-8B4A-11D0-8D11-00A0C91BC942}") = "IO_2558", "IO_2558\IO_2558.vcxproj", "{7545C4EA-E6CC-4FA8-8935-E8F18FCB2E76}"
EndProject
Project("{8BC9CEB8-8B4A-11D0-8D11-00A0C91BC942}") = "IO_10950", "IO_10950\IO_10950.vcxproj", "{41B09BBE-D8FE-411B-85C4-18A8D0E546E4}"
EndProject
Project("{8BC9CEB8-8B4A-11D0-8D11-00A0C91BC942}") = "IO_10951", "IO_10951\IO_10951.vcxproj", "{A05D0B83-E420-493A-91E6-701B5D7C76C6}"
EndProject
Project("{8BC9CEB8-8B4A-11D0-8D11-00A0C91BC942}") = "IO_10952", "IO_10952\IO_10952.vcxproj", "{EB92EBB1-2F46-4028-B39E-1DC5782F141C}"
EndProject
Project("{8BC9CEB8-8B4A-11D0-8D11-00A0C91BC942}") = "IO_10953", "IO_10953\IO_10953.vcxproj", "{6B6CA2C5-7EDE-4B7D-947F-BC83D8C70ED6}"
EndProject
Project("{8BC9CEB8-8B4A-11D0-8D11-00A0C91BC942}") = "IO_11718", "IO_11718\IO_11718.vcxproj", "{24638CDD-99CA-4812-85F4-8EAF3854AA4B}"
EndProject
Project("{8BC9CEB8-8B4A-11D0-8D11-00A0C91BC942}") = "IO_11719", "IO_11719\IO_11719.vcxproj", "{BD47FB0C-9030-4458-B404-D23B445A0BFB}"
EndProject
Project("{8BC9CEB8-8B4A-11D0-8D11-00A0C91BC942}") = "IO_11720", "IO_11720\IO_11720.vcxproj", "{1B1A6410-842E-4282-A56B-0B54619998BA}"
EndProject
Project("{8BC9CEB8-8B4A-11D0-8D11-00A0C91BC942}") = "IO_11721", "IO_11721\IO_11721.vcxproj", "{F9BFE915-8B81-4E3C-B7F1-B3FF6AC28568}"
EndProject
Project("{8BC9CEB8-8B4A-11D0-8D11-00A0C91BC942}") = "IO_2741", "IO_2741\IO_2741.vcxproj", "{DE0FC592-9394-4271-847B-AD92284CAFEB}"
EndProject
Project("{8BC9CEB8-8B4A-11D0-8D11-00A0C91BC942}") = "IO_2742", "IO_2742\IO_2742.vcxproj", "{2726E0C4-290A-47C9-8EB3-CFDBFA53D7B2}"
EndProject
Project("{8BC9CEB8-8B4A-11D0-8D11-00A0C91BC942}") = "IO_2739", "IO_2739\IO_2739.vcxproj", "{D4B9DE97-045F-4783-82D2-B333FFF10B52}"
EndProject
Project("{8BC9CEB8-8B4A-11D0-8D11-00A0C91BC942}") = "IO_1924", "IO_1924\IO_1924.vcxproj", "{C404A2DE-77F4-4998-8969-904404461C51}"
EndProject
Project("{8BC9CEB8-8B4A-11D0-8D11-00A0C91BC942}") = "IO_8393", "IO_8393\IO_8393.vcxproj", "{D768738F-F5AF-43A4-AAF4-7ADDE695CF6D}"
EndProject
Project("{8BC9CEB8-8B4A-11D0-8D11-00A0C91BC942}") = "IO_10818", "IO_10818\IO_10818.vcxproj", "{56758BF8-CD44-40E0-9D97-7093E8D0DCD8}"
EndProject
Project("{8BC9CEB8-8B4A-11D0-8D11-00A0C91BC942}") = "IO_2438", "IO_2438\IO_2438.vcxproj", "{C6C25E37-8505-4707-A0A7-67271845EB2F}"
EndProject
Project("{8BC9CEB8-8B4A-11D0-8D11-00A0C91BC942}") = "IO_2439", "IO_2439\IO_2439.vcxproj", "{D0D75708-2B68-4BB8-9D5F-6300CFD59468}"
EndProject
Project("{8BC9CEB8-8B4A-11D0-8D11-00A0C91BC942}") = "IO_2440", "IO_2440\IO_2440.vcxproj", "{879E98EF-E507-4406-BD6F-05BAB94EAF64}"
EndProject
Project("{8BC9CEB8-8B4A-11D0-8D11-00A0C91BC942}") = "IO_2441", "IO_2441\IO_2441.vcxproj", "{5BDD6AE1-E9CB-4237-9792-8A8D5B59CE72}"
EndProject
Project("{8BC9CEB8-8B4A-11D0-8D11-00A0C91BC942}") = "IO_2442", "IO_2442\IO_2442.vcxproj", "{0837B060-8AA5-4871-AB4E-B79772E85B2A}"
EndProject
Project("{8BC9CEB8-8B4A-11D0-8D11-00A0C91BC942}") = "IO_2445", "IO_2445\IO_2445.vcxproj", "{1CF3679A-5E14-4063-B2E8-AD1CDF3A982B}"
EndProject
Project("{8BC9CEB8-8B4A-11D0-8D11-00A0C91BC942}") = "IO_2522", "IO_2522\IO_2522.vcxproj", "{49695903-2A2C-463A-A860-80E944F8EE0C}"
EndProject
Project("{8BC9CEB8-8B4A-11D0-8D11-00A0C91BC942}") = "IO_2446", "IO_2446\IO_2446.vcxproj", "{1CE5BE0D-2956-4097-9C9D-2C56F69AA4F7}"
EndProject
Project("{8BC9CEB8-8B4A-11D0-8D11-00A0C91BC942}") = "IO_10991", "IO_10991\IO_10991.vcxproj", "{6CD2AAEB-C0B7-4B8F-A5F2-57AFF694FFD2}"
EndProject
Project("{8BC9CEB8-8B4A-11D0-8D11-00A0C91BC942}") = "IO_10992", "IO_10992\IO_10992.vcxproj", "{83BAAA67-A70D-4441-BA30-377355EB7ACF}"
EndProject
Project("{8BC9CEB8-8B4A-11D0-8D11-00A0C91BC942}") = "DP_1463", "DP_1463\DP_1463.vcxproj", "{76FA2246-B610-480F-9D7A-383112B8271E}"
EndProject
Project("{8BC9CEB8-8B4A-11D0-8D11-00A0C91BC942}") = "DP_11726", "DP_11726\DP_11726.vcxproj", "{034ACE38-1917-4998-801B-B655E00C5749}"
EndProject
Project("{8BC9CEB8-8B4A-11D0-8D11-00A0C91BC942}") = "DP_11727", "DP_11727\DP_11727.vcxproj", "{D3649303-D91F-4CF4-9DB1-CDD58D0F0954}"
EndProject
Project("{8BC9CEB8-8B4A-11D0-8D11-00A0C91BC942}") = "DP_9095", "DP_9095\DP_9095.vcxproj", "{18CAD69A-06EE-4EB4-9CE9-6729FCE85057}"
EndProject
Project("{8BC9CEB8-8B4A-11D0-8D11-00A0C91BC942}") = "DP_10844", "DP_10844\DP_10844.vcxproj", "{18BF4324-BF16-476D-82AD-EEBD57985DAD}"
EndProject
Project("{8BC9CEB8-8B4A-11D0-8D11-00A0C91BC942}") = "DP_11057", "DP_11057\DP_11057.vcxproj", "{1D0BFB2C-E58E-4DA8-BC07-72E543653585}"
EndProject
Project("{8BC9CEB8-8B4A-11D0-8D11-00A0C91BC942}") = "DP_2193", "DP_2193\DP_2193.vcxproj", "{FEE525C6-BEFE-4AA0-AF18-69452BE72CB2}"
EndProject
Project("{8BC9CEB8-8B4A-11D0-8D11-00A0C91BC942}") = "DS_9012", "DS_9012\DS_9012.vcxproj", "{0FB62A1C-4600-42C6-B4ED-56452CFDDF74}"
EndProject
Project("{8BC9CEB8-8B4A-11D0-8D11-00A0C91BC942}") = "DS_10828", "DS_10828\DS_10828.vcxproj", "{67E70C87-08A4-4438-9FDD-780C91B9A988}"
EndProject
Project("{8BC9CEB8-8B4A-11D0-8D11-00A0C91BC942}") = "DS_10799", "DS_10799\DS_10799.vcxproj", "{1DCE3967-3A56-4318-A276-9E0D57C4C790}"
EndProject
Project("{8BC9CEB8-8B4A-11D0-8D11-00A0C91BC942}") = "DS_10845", "DS_10845\DS_10845.vcxproj", "{3A2C6F69-1794-4B9F-98F7-7A4F0549E5FC}"
EndProject
Project("{8BC9CEB8-8B4A-11D0-8D11-00A0C91BC942}") = "DS_10866", "DS_10866\DS_10866.vcxproj", "{56876494-B6F2-4500-A205-98879B179696}"
EndProject
Project("{8BC9CEB8-8B4A-11D0-8D11-00A0C91BC942}") = "STR_10808", "STR_10808\STR_10808.vcxproj", "{BF6B4E60-8776-4A6A-B3A0-0CB8AFA54DE1}"
EndProject
Project("{8BC9CEB8-8B4A-11D0-8D11-00A0C91BC942}") = "STR_10809", "STR_10809\STR_10809.vcxproj", "{868BF75A-9515-42D4-9607-37A8167E503D}"
EndProject
Project("{8BC9CEB8-8B4A-11D0-8D11-00A0C91BC942}") = "STR_10820", "STR_10828\STR_10828.vcxproj", "{EE768561-46FE-4373-AAA2-90AF18979436}"
EndProject
Project("{8BC9CEB8-8B4A-11D0-8D11-00A0C91BC942}") = "STR_2743", "STR_2743\STR_2743.vcxproj", "{75EACBE1-84B1-4696-88CD-C66379AAE724}"
EndProject
Project("{8BC9CEB8-8B4A-11D0-8D11-00A0C91BC942}") = "STR_11655", "STR_11655\STR_11655.vcxproj", "{030DDDBC-6310-4C0D-B8EE-6634BEB3B36D}"
EndProject
Project("{8BC9CEB8-8B4A-11D0-8D11-00A0C91BC942}") = "STR_10824", "STR_10824\STR_10824.vcxproj", "{F767C93A-4EED-4D32-8AC9-E34B3A460DE7}"
EndProject
Project("{8BC9CEB8-8B4A-11D0-8D11-00A0C91BC942}") = "STR_11656", "STR_11656\STR_11656.vcxproj", "{B1A1CE03-491E-468B-9B20-BB3AB1C02F36}"
EndProject
Global
	GlobalSection(SolutionConfigurationPlatforms) = preSolution
		Debug|x64 = Debug|x64
		Debug|x86 = Debug|x86
		Release|x64 = Release|x64
		Release|x86 = Release|x86
	EndGlobalSection
	GlobalSection(ProjectConfigurationPlatforms) = postSolution
		{2F580D7B-88DD-42F1-85C1-1B8257602A02}.Debug|x64.ActiveCfg = Debug|x64
		{2F580D7B-88DD-42F1-85C1-1B8257602A02}.Debug|x64.Build.0 = Debug|x64
		{2F580D7B-88DD-42F1-85C1-1B8257602A02}.Debug|x86.ActiveCfg = Debug|Win32
		{2F580D7B-88DD-42F1-85C1-1B8257602A02}.Debug|x86.Build.0 = Debug|Win32
		{2F580D7B-88DD-42F1-85C1-1B8257602A02}.Release|x64.ActiveCfg = Release|x64
		{2F580D7B-88DD-42F1-85C1-1B8257602A02}.Release|x64.Build.0 = Release|x64
		{2F580D7B-88DD-42F1-85C1-1B8257602A02}.Release|x86.ActiveCfg = Release|Win32
		{2F580D7B-88DD-42F1-85C1-1B8257602A02}.Release|x86.Build.0 = Release|Win32
		{D4A2DB47-6C1C-4E18-BF85-762278BD4E73}.Debug|x64.ActiveCfg = Debug|x64
		{D4A2DB47-6C1C-4E18-BF85-762278BD4E73}.Debug|x64.Build.0 = Debug|x64
		{D4A2DB47-6C1C-4E18-BF85-762278BD4E73}.Debug|x86.ActiveCfg = Debug|Win32
		{D4A2DB47-6C1C-4E18-BF85-762278BD4E73}.Debug|x86.Build.0 = Debug|Win32
		{D4A2DB47-6C1C-4E18-BF85-762278BD4E73}.Release|x64.ActiveCfg = Release|x64
		{D4A2DB47-6C1C-4E18-BF85-762278BD4E73}.Release|x64.Build.0 = Release|x64
		{D4A2DB47-6C1C-4E18-BF85-762278BD4E73}.Release|x86.ActiveCfg = Release|Win32
		{D4A2DB47-6C1C-4E18-BF85-762278BD4E73}.Release|x86.Build.0 = Release|Win32
		{7545C4EA-E6CC-4FA8-8935-E8F18FCB2E76}.Debug|x64.ActiveCfg = Debug|x64
		{7545C4EA-E6CC-4FA8-8935-E8F18FCB2E76}.Debug|x64.Build.0 = Debug|x64
		{7545C4EA-E6CC-4FA8-8935-E8F18FCB2E76}.Debug|x86.ActiveCfg = Debug|Win32
		{7545C4EA-E6CC-4FA8-8935-E8F18FCB2E76}.Debug|x86.Build.0 = Debug|Win32
		{7545C4EA-E6CC-4FA8-8935-E8F18FCB2E76}.Release|x64.ActiveCfg = Release|x64
		{7545C4EA-E6CC-4FA8-8935-E8F18FCB2E76}.Release|x64.Build.0 = Release|x64
		{7545C4EA-E6CC-4FA8-8935-E8F18FCB2E76}.Release|x86.ActiveCfg = Release|Win32
		{7545C4EA-E6CC-4FA8-8935-E8F18FCB2E76}.Release|x86.Build.0 = Release|Win32
		{41B09BBE-D8FE-411B-85C4-18A8D0E546E4}.Debug|x64.ActiveCfg = Debug|x64
		{41B09BBE-D8FE-411B-85C4-18A8D0E546E4}.Debug|x64.Build.0 = Debug|x64
		{41B09BBE-D8FE-411B-85C4-18A8D0E546E4}.Debug|x86.ActiveCfg = Debug|Win32
		{41B09BBE-D8FE-411B-85C4-18A8D0E546E4}.Debug|x86.Build.0 = Debug|Win32
		{41B09BBE-D8FE-411B-85C4-18A8D0E546E4}.Release|x64.ActiveCfg = Release|x64
		{41B09BBE-D8FE-411B-85C4-18A8D0E546E4}.Release|x64.Build.0 = Release|x64
		{41B09BBE-D8FE-411B-85C4-18A8D0E546E4}.Release|x86.ActiveCfg = Release|Win32
		{41B09BBE-D8FE-411B-85C4-18A8D0E546E4}.Release|x86.Build.0 = Release|Win32
		{A05D0B83-E420-493A-91E6-701B5D7C76C6}.Debug|x64.ActiveCfg = Debug|x64
		{A05D0B83-E420-493A-91E6-701B5D7C76C6}.Debug|x64.Build.0 = Debug|x64
		{A05D0B83-E420-493A-91E6-701B5D7C76C6}.Debug|x86.ActiveCfg = Debug|Win32
		{A05D0B83-E420-493A-91E6-701B5D7C76C6}.Debug|x86.Build.0 = Debug|Win32
		{A05D0B83-E420-493A-91E6-701B5D7C76C6}.Release|x64.ActiveCfg = Release|x64
		{A05D0B83-E420-493A-91E6-701B5D7C76C6}.Release|x64.Build.0 = Release|x64
		{A05D0B83-E420-493A-91E6-701B5D7C76C6}.Release|x86.ActiveCfg = Release|Win32
		{A05D0B83-E420-493A-91E6-701B5D7C76C6}.Release|x86.Build.0 = Release|Win32
		{EB92EBB1-2F46-4028-B39E-1DC5782F141C}.Debug|x64.ActiveCfg = Debug|x64
		{EB92EBB1-2F46-4028-B39E-1DC5782F141C}.Debug|x64.Build.0 = Debug|x64
		{EB92EBB1-2F46-4028-B39E-1DC5782F141C}.Debug|x86.ActiveCfg = Debug|Win32
		{EB92EBB1-2F46-4028-B39E-1DC5782F141C}.Debug|x86.Build.0 = Debug|Win32
		{EB92EBB1-2F46-4028-B39E-1DC5782F141C}.Release|x64.ActiveCfg = Release|x64
		{EB92EBB1-2F46-4028-B39E-1DC5782F141C}.Release|x64.Build.0 = Release|x64
		{EB92EBB1-2F46-4028-B39E-1DC5782F141C}.Release|x86.ActiveCfg = Release|Win32
		{EB92EBB1-2F46-4028-B39E-1DC5782F141C}.Release|x86.Build.0 = Release|Win32
		{6B6CA2C5-7EDE-4B7D-947F-BC83D8C70ED6}.Debug|x64.ActiveCfg = Debug|x64
		{6B6CA2C5-7EDE-4B7D-947F-BC83D8C70ED6}.Debug|x64.Build.0 = Debug|x64
		{6B6CA2C5-7EDE-4B7D-947F-BC83D8C70ED6}.Debug|x86.ActiveCfg = Debug|Win32
		{6B6CA2C5-7EDE-4B7D-947F-BC83D8C70ED6}.Debug|x86.Build.0 = Debug|Win32
		{6B6CA2C5-7EDE-4B7D-947F-BC83D8C70ED6}.Release|x64.ActiveCfg = Release|x64
		{6B6CA2C5-7EDE-4B7D-947F-BC83D8C70ED6}.Release|x64.Build.0 = Release|x64
		{6B6CA2C5-7EDE-4B7D-947F-BC83D8C70ED6}.Release|x86.ActiveCfg = Release|Win32
		{6B6CA2C5-7EDE-4B7D-947F-BC83D8C70ED6}.Release|x86.Build.0 = Release|Win32
		{24638CDD-99CA-4812-85F4-8EAF3854AA4B}.Debug|x64.ActiveCfg = Debug|x64
		{24638CDD-99CA-4812-85F4-8EAF3854AA4B}.Debug|x64.Build.0 = Debug|x64
		{24638CDD-99CA-4812-85F4-8EAF3854AA4B}.Debug|x86.ActiveCfg = Debug|Win32
		{24638CDD-99CA-4812-85F4-8EAF3854AA4B}.Debug|x86.Build.0 = Debug|Win32
		{24638CDD-99CA-4812-85F4-8EAF3854AA4B}.Release|x64.ActiveCfg = Release|x64
		{24638CDD-99CA-4812-85F4-8EAF3854AA4B}.Release|x64.Build.0 = Release|x64
		{24638CDD-99CA-4812-85F4-8EAF3854AA4B}.Release|x86.ActiveCfg = Release|Win32
		{24638CDD-99CA-4812-85F4-8EAF3854AA4B}.Release|x86.Build.0 = Release|Win32
		{BD47FB0C-9030-4458-B404-D23B445A0BFB}.Debug|x64.ActiveCfg = Debug|x64
		{BD47FB0C-9030-4458-B404-D23B445A0BFB}.Debug|x64.Build.0 = Debug|x64
		{BD47FB0C-9030-4458-B404-D23B445A0BFB}.Debug|x86.ActiveCfg = Debug|Win32
		{BD47FB0C-9030-4458-B404-D23B445A0BFB}.Debug|x86.Build.0 = Debug|Win32
		{BD47FB0C-9030-4458-B404-D23B445A0BFB}.Release|x64.ActiveCfg = Release|x64
		{BD47FB0C-9030-4458-B404-D23B445A0BFB}.Release|x64.Build.0 = Release|x64
		{BD47FB0C-9030-4458-B404-D23B445A0BFB}.Release|x86.ActiveCfg = Release|Win32
		{BD47FB0C-9030-4458-B404-D23B445A0BFB}.Release|x86.Build.0 = Release|Win32
		{1B1A6410-842E-4282-A56B-0B54619998BA}.Debug|x64.ActiveCfg = Debug|x64
		{1B1A6410-842E-4282-A56B-0B54619998BA}.Debug|x64.Build.0 = Debug|x64
		{1B1A6410-842E-4282-A56B-0B54619998BA}.Debug|x86.ActiveCfg = Debug|Win32
		{1B1A6410-842E-4282-A56B-0B54619998BA}.Debug|x86.Build.0 = Debug|Win32
		{1B1A6410-842E-4282-A56B-0B54619998BA}.Release|x64.ActiveCfg = Release|x64
		{1B1A6410-842E-4282-A56B-0B54619998BA}.Release|x64.Build.0 = Release|x64
		{1B1A6410-842E-4282-A56B-0B54619998BA}.Release|x86.ActiveCfg = Release|Win32
		{1B1A6410-842E-4282-A56B-0B54619998BA}.Release|x86.Build.0 = Release|Win32
		{F9BFE915-8B81-4E3C-B7F1-B3FF6AC28568}.Debug|x64.ActiveCfg = Debug|x64
		{F9BFE915-8B81-4E3C-B7F1-B3FF6AC28568}.Debug|x64.Build.0 = Debug|x64
		{F9BFE915-8B81-4E3C-B7F1-B3FF6AC28568}.Debug|x86.ActiveCfg = Debug|Win32
		{F9BFE915-8B81-4E3C-B7F1-B3FF6AC28568}.Debug|x86.Build.0 = Debug|Win32
		{F9BFE915-8B81-4E3C-B7F1-B3FF6AC28568}.Release|x64.ActiveCfg = Release|x64
		{F9BFE915-8B81-4E3C-B7F1-B3FF6AC28568}.Release|x64.Build.0 = Release|x64
		{F9BFE915-8B81-4E3C-B7F1-B3FF6AC28568}.Release|x86.ActiveCfg = Release|Win32
		{F9BFE915-8B81-4E3C-B7F1-B3FF6AC28568}.Release|x86.Build.0 = Release|Win32
		{DE0FC592-9394-4271-847B-AD92284CAFEB}.Debug|x64.ActiveCfg = Debug|x64
		{DE0FC592-9394-4271-847B-AD92284CAFEB}.Debug|x64.Build.0 = Debug|x64
		{DE0FC592-9394-4271-847B-AD92284CAFEB}.Debug|x86.ActiveCfg = Debug|Win32
		{DE0FC592-9394-4271-847B-AD92284CAFEB}.Debug|x86.Build.0 = Debug|Win32
		{DE0FC592-9394-4271-847B-AD92284CAFEB}.Release|x64.ActiveCfg = Release|x64
		{DE0FC592-9394-4271-847B-AD92284CAFEB}.Release|x64.Build.0 = Release|x64
		{DE0FC592-9394-4271-847B-AD92284CAFEB}.Release|x86.ActiveCfg = Release|Win32
		{DE0FC592-9394-4271-847B-AD92284CAFEB}.Release|x86.Build.0 = Release|Win32
		{2726E0C4-290A-47C9-8EB3-CFDBFA53D7B2}.Debug|x64.ActiveCfg = Debug|x64
		{2726E0C4-290A-47C9-8EB3-CFDBFA53D7B2}.Debug|x64.Build.0 = Debug|x64
		{2726E0C4-290A-47C9-8EB3-CFDBFA53D7B2}.Debug|x86.ActiveCfg = Debug|Win32
		{2726E0C4-290A-47C9-8EB3-CFDBFA53D7B2}.Debug|x86.Build.0 = Debug|Win32
		{2726E0C4-290A-47C9-8EB3-CFDBFA53D7B2}.Release|x64.ActiveCfg = Release|x64
		{2726E0C4-290A-47C9-8EB3-CFDBFA53D7B2}.Release|x64.Build.0 = Release|x64
		{2726E0C4-290A-47C9-8EB3-CFDBFA53D7B2}.Release|x86.ActiveCfg = Release|Win32
		{2726E0C4-290A-47C9-8EB3-CFDBFA53D7B2}.Release|x86.Build.0 = Release|Win32
		{D4B9DE97-045F-4783-82D2-B333FFF10B52}.Debug|x64.ActiveCfg = Debug|x64
		{D4B9DE97-045F-4783-82D2-B333FFF10B52}.Debug|x64.Build.0 = Debug|x64
		{D4B9DE97-045F-4783-82D2-B333FFF10B52}.Debug|x86.ActiveCfg = Debug|Win32
		{D4B9DE97-045F-4783-82D2-B333FFF10B52}.Debug|x86.Build.0 = Debug|Win32
		{D4B9DE97-045F-4783-82D2-B333FFF10B52}.Release|x64.ActiveCfg = Release|x64
		{D4B9DE97-045F-4783-82D2-B333FFF10B52}.Release|x64.Build.0 = Release|x64
		{D4B9DE97-045F-4783-82D2-B333FFF10B52}.Release|x86.ActiveCfg = Release|Win32
		{D4B9DE97-045F-4783-82D2-B333FFF10B52}.Release|x86.Build.0 = Release|Win32
		{C404A2DE-77F4-4998-8969-904404461C51}.Debug|x64.ActiveCfg = Debug|x64
		{C404A2DE-77F4-4998-8969-904404461C51}.Debug|x64.Build.0 = Debug|x64
		{C404A2DE-77F4-4998-8969-904404461C51}.Debug|x86.ActiveCfg = Debug|Win32
		{C404A2DE-77F4-4998-8969-904404461C51}.Debug|x86.Build.0 = Debug|Win32
		{C404A2DE-77F4-4998-8969-904404461C51}.Release|x64.ActiveCfg = Release|x64
		{C404A2DE-77F4-4998-8969-904404461C51}.Release|x64.Build.0 = Release|x64
		{C404A2DE-77F4-4998-8969-904404461C51}.Release|x86.ActiveCfg = Release|Win32
		{C404A2DE-77F4-4998-8969-904404461C51}.Release|x86.Build.0 = Release|Win32
		{D768738F-F5AF-43A4-AAF4-7ADDE695CF6D}.Debug|x64.ActiveCfg = Debug|x64
		{D768738F-F5AF-43A4-AAF4-7ADDE695CF6D}.Debug|x64.Build.0 = Debug|x64
		{D768738F-F5AF-43A4-AAF4-7ADDE695CF6D}.Debug|x86.ActiveCfg = Debug|Win32
		{D768738F-F5AF-43A4-AAF4-7ADDE695CF6D}.Debug|x86.Build.0 = Debug|Win32
		{D768738F-F5AF-43A4-AAF4-7ADDE695CF6D}.Release|x64.ActiveCfg = Release|x64
		{D768738F-F5AF-43A4-AAF4-7ADDE695CF6D}.Release|x64.Build.0 = Release|x64
		{D768738F-F5AF-43A4-AAF4-7ADDE695CF6D}.Release|x86.ActiveCfg = Release|Win32
		{D768738F-F5AF-43A4-AAF4-7ADDE695CF6D}.Release|x86.Build.0 = Release|Win32
		{56758BF8-CD44-40E0-9D97-7093E8D0DCD8}.Debug|x64.ActiveCfg = Debug|x64
		{56758BF8-CD44-40E0-9D97-7093E8D0DCD8}.Debug|x64.Build.0 = Debug|x64
		{56758BF8-CD44-40E0-9D97-7093E8D0DCD8}.Debug|x86.ActiveCfg = Debug|Win32
		{56758BF8-CD44-40E0-9D97-7093E8D0DCD8}.Debug|x86.Build.0 = Debug|Win32
		{56758BF8-CD44-40E0-9D97-7093E8D0DCD8}.Release|x64.ActiveCfg = Release|x64
		{56758BF8-CD44-40E0-9D97-7093E8D0DCD8}.Release|x64.Build.0 = Release|x64
		{56758BF8-CD44-40E0-9D97-7093E8D0DCD8}.Release|x86.ActiveCfg = Release|Win32
		{56758BF8-CD44-40E0-9D97-7093E8D0DCD8}.Release|x86.Build.0 = Release|Win32
		{C6C25E37-8505-4707-A0A7-67271845EB2F}.Debug|x64.ActiveCfg = Debug|x64
		{C6C25E37-8505-4707-A0A7-67271845EB2F}.Debug|x64.Build.0 = Debug|x64
		{C6C25E37-8505-4707-A0A7-67271845EB2F}.Debug|x86.ActiveCfg = Debug|Win32
		{C6C25E37-8505-4707-A0A7-67271845EB2F}.Debug|x86.Build.0 = Debug|Win32
		{C6C25E37-8505-4707-A0A7-67271845EB2F}.Release|x64.ActiveCfg = Release|x64
		{C6C25E37-8505-4707-A0A7-67271845EB2F}.Release|x64.Build.0 = Release|x64
		{C6C25E37-8505-4707-A0A7-67271845EB2F}.Release|x86.ActiveCfg = Release|Win32
		{C6C25E37-8505-4707-A0A7-67271845EB2F}.Release|x86.Build.0 = Release|Win32
		{D0D75708-2B68-4BB8-9D5F-6300CFD59468}.Debug|x64.ActiveCfg = Debug|x64
		{D0D75708-2B68-4BB8-9D5F-6300CFD59468}.Debug|x64.Build.0 = Debug|x64
		{D0D75708-2B68-4BB8-9D5F-6300CFD59468}.Debug|x86.ActiveCfg = Debug|Win32
		{D0D75708-2B68-4BB8-9D5F-6300CFD59468}.Debug|x86.Build.0 = Debug|Win32
		{D0D75708-2B68-4BB8-9D5F-6300CFD59468}.Release|x64.ActiveCfg = Release|x64
		{D0D75708-2B68-4BB8-9D5F-6300CFD59468}.Release|x64.Build.0 = Release|x64
		{D0D75708-2B68-4BB8-9D5F-6300CFD59468}.Release|x86.ActiveCfg = Release|Win32
		{D0D75708-2B68-4BB8-9D5F-6300CFD59468}.Release|x86.Build.0 = Release|Win32
		{879E98EF-E507-4406-BD6F-05BAB94EAF64}.Debug|x64.ActiveCfg = Debug|x64
		{879E98EF-E507-4406-BD6F-05BAB94EAF64}.Debug|x64.Build.0 = Debug|x64
		{879E98EF-E507-4406-BD6F-05BAB94EAF64}.Debug|x86.ActiveCfg = Debug|Win32
		{879E98EF-E507-4406-BD6F-05BAB94EAF64}.Debug|x86.Build.0 = Debug|Win32
		{879E98EF-E507-4406-BD6F-05BAB94EAF64}.Release|x64.ActiveCfg = Release|x64
		{879E98EF-E507-4406-BD6F-05BAB94EAF64}.Release|x64.Build.0 = Release|x64
		{879E98EF-E507-4406-BD6F-05BAB94EAF64}.Release|x86.ActiveCfg = Release|Win32
		{879E98EF-E507-4406-BD6F-05BAB94EAF64}.Release|x86.Build.0 = Release|Win32
		{5BDD6AE1-E9CB-4237-9792-8A8D5B59CE72}.Debug|x64.ActiveCfg = Debug|x64
		{5BDD6AE1-E9CB-4237-9792-8A8D5B59CE72}.Debug|x64.Build.0 = Debug|x64
		{5BDD6AE1-E9CB-4237-9792-8A8D5B59CE72}.Debug|x86.ActiveCfg = Debug|Win32
		{5BDD6AE1-E9CB-4237-9792-8A8D5B59CE72}.Debug|x86.Build.0 = Debug|Win32
		{5BDD6AE1-E9CB-4237-9792-8A8D5B59CE72}.Release|x64.ActiveCfg = Release|x64
		{5BDD6AE1-E9CB-4237-9792-8A8D5B59CE72}.Release|x64.Build.0 = Release|x64
		{5BDD6AE1-E9CB-4237-9792-8A8D5B59CE72}.Release|x86.ActiveCfg = Release|Win32
		{5BDD6AE1-E9CB-4237-9792-8A8D5B59CE72}.Release|x86.Build.0 = Release|Win32
		{0837B060-8AA5-4871-AB4E-B79772E85B2A}.Debug|x64.ActiveCfg = Debug|x64
		{0837B060-8AA5-4871-AB4E-B79772E85B2A}.Debug|x64.Build.0 = Debug|x64
		{0837B060-8AA5-4871-AB4E-B79772E85B2A}.Debug|x86.ActiveCfg = Debug|Win32
		{0837B060-8AA5-4871-AB4E-B79772E85B2A}.Debug|x86.Build.0 = Debug|Win32
		{0837B060-8AA5-4871-AB4E-B79772E85B2A}.Release|x64.ActiveCfg = Release|x64
		{0837B060-8AA5-4871-AB4E-B79772E85B2A}.Release|x64.Build.0 = Release|x64
		{0837B060-8AA5-4871-AB4E-B79772E85B2A}.Release|x86.ActiveCfg = Release|Win32
		{0837B060-8AA5-4871-AB4E-B79772E85B2A}.Release|x86.Build.0 = Release|Win32
		{1CF3679A-5E14-4063-B2E8-AD1CDF3A982B}.Debug|x64.ActiveCfg = Debug|x64
		{1CF3679A-5E14-4063-B2E8-AD1CDF3A982B}.Debug|x64.Build.0 = Debug|x64
		{1CF3679A-5E14-4063-B2E8-AD1CDF3A982B}.Debug|x86.ActiveCfg = Debug|Win32
		{1CF3679A-5E14-4063-B2E8-AD1CDF3A982B}.Debug|x86.Build.0 = Debug|Win32
		{1CF3679A-5E14-4063-B2E8-AD1CDF3A982B}.Release|x64.ActiveCfg = Release|x64
		{1CF3679A-5E14-4063-B2E8-AD1CDF3A982B}.Release|x64.Build.0 = Release|x64
		{1CF3679A-5E14-4063-B2E8-AD1CDF3A982B}.Release|x86.ActiveCfg = Release|Win32
		{1CF3679A-5E14-4063-B2E8-AD1CDF3A982B}.Release|x86.Build.0 = Release|Win32
		{49695903-2A2C-463A-A860-80E944F8EE0C}.Debug|x64.ActiveCfg = Debug|x64
		{49695903-2A2C-463A-A860-80E944F8EE0C}.Debug|x64.Build.0 = Debug|x64
		{49695903-2A2C-463A-A860-80E944F8EE0C}.Debug|x86.ActiveCfg = Debug|Win32
		{49695903-2A2C-463A-A860-80E944F8EE0C}.Debug|x86.Build.0 = Debug|Win32
		{49695903-2A2C-463A-A860-80E944F8EE0C}.Release|x64.ActiveCfg = Release|x64
		{49695903-2A2C-463A-A860-80E944F8EE0C}.Release|x64.Build.0 = Release|x64
		{49695903-2A2C-463A-A860-80E944F8EE0C}.Release|x86.ActiveCfg = Release|Win32
		{49695903-2A2C-463A-A860-80E944F8EE0C}.Release|x86.Build.0 = Release|Win32
		{1CE5BE0D-2956-4097-9C9D-2C56F69AA4F7}.Debug|x64.ActiveCfg = Debug|x64
		{1CE5BE0D-2956-4097-9C9D-2C56F69AA4F7}.Debug|x64.Build.0 = Debug|x64
		{1CE5BE0D-2956-4097-9C9D-2C56F69AA4F7}.Debug|x86.ActiveCfg = Debug|Win32
		{1CE5BE0D-2956-4097-9C9D-2C56F69AA4F7}.Debug|x86.Build.0 = Debug|Win32
		{1CE5BE0D-2956-4097-9C9D-2C56F69AA4F7}.Release|x64.ActiveCfg = Release|x64
		{1CE5BE0D-2956-4097-9C9D-2C56F69AA4F7}.Release|x64.Build.0 = Release|x64
		{1CE5BE0D-2956-4097-9C9D-2C56F69AA4F7}.Release|x86.ActiveCfg = Release|Win32
		{1CE5BE0D-2956-4097-9C9D-2C56F69AA4F7}.Release|x86.Build.0 = Release|Win32
		{6CD2AAEB-C0B7-4B8F-A5F2-57AFF694FFD2}.Debug|x64.ActiveCfg = Debug|x64
		{6CD2AAEB-C0B7-4B8F-A5F2-57AFF694FFD2}.Debug|x64.Build.0 = Debug|x64
		{6CD2AAEB-C0B7-4B8F-A5F2-57AFF694FFD2}.Debug|x86.ActiveCfg = Debug|Win32
		{6CD2AAEB-C0B7-4B8F-A5F2-57AFF694FFD2}.Debug|x86.Build.0 = Debug|Win32
		{6CD2AAEB-C0B7-4B8F-A5F2-57AFF694FFD2}.Release|x64.ActiveCfg = Release|x64
		{6CD2AAEB-C0B7-4B8F-A5F2-57AFF694FFD2}.Release|x64.Build.0 = Release|x64
		{6CD2AAEB-C0B7-4B8F-A5F2-57AFF694FFD2}.Release|x86.ActiveCfg = Release|Win32
		{6CD2AAEB-C0B7-4B8F-A5F2-57AFF694FFD2}.Release|x86.Build.0 = Release|Win32
		{83BAAA67-A70D-4441-BA30-377355EB7ACF}.Debug|x64.ActiveCfg = Debug|x64
		{83BAAA67-A70D-4441-BA30-377355EB7ACF}.Debug|x64.Build.0 = Debug|x64
		{83BAAA67-A70D-4441-BA30-377355EB7ACF}.Debug|x86.ActiveCfg = Debug|Win32
		{83BAAA67-A70D-4441-BA30-377355EB7ACF}.Debug|x86.Build.0 = Debug|Win32
		{83BAAA67-A70D-4441-BA30-377355EB7ACF}.Release|x64.ActiveCfg = Release|x64
		{83BAAA67-A70D-4441-BA30-377355EB7ACF}.Release|x64.Build.0 = Release|x64
		{83BAAA67-A70D-4441-BA30-377355EB7ACF}.Release|x86.ActiveCfg = Release|Win32
		{83BAAA67-A70D-4441-BA30-377355EB7ACF}.Release|x86.Build.0 = Release|Win32
		{76FA2246-B610-480F-9D7A-383112B8271E}.Debug|x64.ActiveCfg = Debug|x64
		{76FA2246-B610-480F-9D7A-383112B8271E}.Debug|x64.Build.0 = Debug|x64
		{76FA2246-B610-480F-9D7A-383112B8271E}.Debug|x86.ActiveCfg = Debug|Win32
		{76FA2246-B610-480F-9D7A-383112B8271E}.Debug|x86.Build.0 = Debug|Win32
		{76FA2246-B610-480F-9D7A-383112B8271E}.Release|x64.ActiveCfg = Release|x64
		{76FA2246-B610-480F-9D7A-383112B8271E}.Release|x64.Build.0 = Release|x64
		{76FA2246-B610-480F-9D7A-383112B8271E}.Release|x86.ActiveCfg = Release|Win32
		{76FA2246-B610-480F-9D7A-383112B8271E}.Release|x86.Build.0 = Release|Win32
		{034ACE38-1917-4998-801B-B655E00C5749}.Debug|x64.ActiveCfg = Debug|x64
		{034ACE38-1917-4998-801B-B655E00C5749}.Debug|x64.Build.0 = Debug|x64
		{034ACE38-1917-4998-801B-B655E00C5749}.Debug|x86.ActiveCfg = Debug|Win32
		{034ACE38-1917-4998-801B-B655E00C5749}.Debug|x86.Build.0 = Debug|Win32
		{034ACE38-1917-4998-801B-B655E00C5749}.Release|x64.ActiveCfg = Release|x64
		{034ACE38-1917-4998-801B-B655E00C5749}.Release|x64.Build.0 = Release|x64
		{034ACE38-1917-4998-801B-B655E00C5749}.Release|x86.ActiveCfg = Release|Win32
		{034ACE38-1917-4998-801B-B655E00C5749}.Release|x86.Build.0 = Release|Win32
		{D3649303-D91F-4CF4-9DB1-CDD58D0F0954}.Debug|x64.ActiveCfg = Debug|x64
		{D3649303-D91F-4CF4-9DB1-CDD58D0F0954}.Debug|x64.Build.0 = Debug|x64
		{D3649303-D91F-4CF4-9DB1-CDD58D0F0954}.Debug|x86.ActiveCfg = Debug|Win32
		{D3649303-D91F-4CF4-9DB1-CDD58D0F0954}.Debug|x86.Build.0 = Debug|Win32
		{D3649303-D91F-4CF4-9DB1-CDD58D0F0954}.Release|x64.ActiveCfg = Release|x64
		{D3649303-D91F-4CF4-9DB1-CDD58D0F0954}.Release|x64.Build.0 = Release|x64
		{D3649303-D91F-4CF4-9DB1-CDD58D0F0954}.Release|x86.ActiveCfg = Release|Win32
		{D3649303-D91F-4CF4-9DB1-CDD58D0F0954}.Release|x86.Build.0 = Release|Win32
		{18CAD69A-06EE-4EB4-9CE9-6729FCE85057}.Debug|x64.ActiveCfg = Debug|x64
		{18CAD69A-06EE-4EB4-9CE9-6729FCE85057}.Debug|x64.Build.0 = Debug|x64
		{18CAD69A-06EE-4EB4-9CE9-6729FCE85057}.Debug|x86.ActiveCfg = Debug|Win32
		{18CAD69A-06EE-4EB4-9CE9-6729FCE85057}.Debug|x86.Build.0 = Debug|Win32
		{18CAD69A-06EE-4EB4-9CE9-6729FCE85057}.Release|x64.ActiveCfg = Release|x64
		{18CAD69A-06EE-4EB4-9CE9-6729FCE85057}.Release|x64.Build.0 = Release|x64
		{18CAD69A-06EE-4EB4-9CE9-6729FCE85057}.Release|x86.ActiveCfg = Release|Win32
		{18CAD69A-06EE-4EB4-9CE9-6729FCE85057}.Release|x86.Build.0 = Release|Win32
		{18BF4324-BF16-476D-82AD-EEBD57985DAD}.Debug|x64.ActiveCfg = Debug|x64
		{18BF4324-BF16-476D-82AD-EEBD57985DAD}.Debug|x64.Build.0 = Debug|x64
		{18BF4324-BF16-476D-82AD-EEBD57985DAD}.Debug|x86.ActiveCfg = Debug|Win32
		{18BF4324-BF16-476D-82AD-EEBD57985DAD}.Debug|x86.Build.0 = Debug|Win32
		{18BF4324-BF16-476D-82AD-EEBD57985DAD}.Release|x64.ActiveCfg = Release|x64
		{18BF4324-BF16-476D-82AD-EEBD57985DAD}.Release|x64.Build.0 = Release|x64
		{18BF4324-BF16-476D-82AD-EEBD57985DAD}.Release|x86.ActiveCfg = Release|Win32
		{18BF4324-BF16-476D-82AD-EEBD57985DAD}.Release|x86.Build.0 = Release|Win32
		{1D0BFB2C-E58E-4DA8-BC07-72E543653585}.Debug|x64.ActiveCfg = Debug|x64
		{1D0BFB2C-E58E-4DA8-BC07-72E543653585}.Debug|x64.Build.0 = Debug|x64
		{1D0BFB2C-E58E-4DA8-BC07-72E543653585}.Debug|x86.ActiveCfg = Debug|Win32
		{1D0BFB2C-E58E-4DA8-BC07-72E543653585}.Debug|x86.Build.0 = Debug|Win32
		{1D0BFB2C-E58E-4DA8-BC07-72E543653585}.Release|x64.ActiveCfg = Release|x64
		{1D0BFB2C-E58E-4DA8-BC07-72E543653585}.Release|x64.Build.0 = Release|x64
		{1D0BFB2C-E58E-4DA8-BC07-72E543653585}.Release|x86.ActiveCfg = Release|Win32
		{1D0BFB2C-E58E-4DA8-BC07-72E543653585}.Release|x86.Build.0 = Release|Win32
		{FEE525C6-BEFE-4AA0-AF18-69452BE72CB2}.Debug|x64.ActiveCfg = Debug|x64
		{FEE525C6-BEFE-4AA0-AF18-69452BE72CB2}.Debug|x64.Build.0 = Debug|x64
		{FEE525C6-BEFE-4AA0-AF18-69452BE72CB2}.Debug|x86.ActiveCfg = Debug|Win32
		{FEE525C6-BEFE-4AA0-AF18-69452BE72CB2}.Debug|x86.Build.0 = Debug|Win32
		{FEE525C6-BEFE-4AA0-AF18-69452BE72CB2}.Release|x64.ActiveCfg = Release|x64
		{FEE525C6-BEFE-4AA0-AF18-69452BE72CB2}.Release|x64.Build.0 = Release|x64
		{FEE525C6-BEFE-4AA0-AF18-69452BE72CB2}.Release|x86.ActiveCfg = Release|Win32
		{FEE525C6-BEFE-4AA0-AF18-69452BE72CB2}.Release|x86.Build.0 = Release|Win32
		{0FB62A1C-4600-42C6-B4ED-56452CFDDF74}.Debug|x64.ActiveCfg = Debug|x64
		{0FB62A1C-4600-42C6-B4ED-56452CFDDF74}.Debug|x64.Build.0 = Debug|x64
		{0FB62A1C-4600-42C6-B4ED-56452CFDDF74}.Debug|x86.ActiveCfg = Debug|Win32
		{0FB62A1C-4600-42C6-B4ED-56452CFDDF74}.Debug|x86.Build.0 = Debug|Win32
		{0FB62A1C-4600-42C6-B4ED-56452CFDDF74}.Release|x64.ActiveCfg = Release|x64
		{0FB62A1C-4600-42C6-B4ED-56452CFDDF74}.Release|x64.Build.0 = Release|x64
		{0FB62A1C-4600-42C6-B4ED-56452CFDDF74}.Release|x86.ActiveCfg = Release|Win32
		{0FB62A1C-4600-42C6-B4ED-56452CFDDF74}.Release|x86.Build.0 = Release|Win32
		{67E70C87-08A4-4438-9FDD-780C91B9A988}.Debug|x64.ActiveCfg = Debug|x64
		{67E70C87-08A4-4438-9FDD-780C91B9A988}.Debug|x64.Build.0 = Debug|x64
		{67E70C87-08A4-4438-9FDD-780C91B9A988}.Debug|x86.ActiveCfg = Debug|Win32
		{67E70C87-08A4-4438-9FDD-780C91B9A988}.Debug|x86.Build.0 = Debug|Win32
		{67E70C87-08A4-4438-9FDD-780C91B9A988}.Release|x64.ActiveCfg = Release|x64
		{67E70C87-08A4-4438-9FDD-780C91B9A988}.Release|x64.Build.0 = Release|x64
		{67E70C87-08A4-4438-9FDD-780C91B9A988}.Release|x86.ActiveCfg = Release|Win32
		{67E70C87-08A4-4438-9FDD-780C91B9A988}.Release|x86.Build.0 = Release|Win32
		{1DCE3967-3A56-4318-A276-9E0D57C4C790}.Debug|x64.ActiveCfg = Debug|x64
		{1DCE3967-3A56-4318-A276-9E0D57C4C790}.Debug|x64.Build.0 = Debug|x64
		{1DCE3967-3A56-4318-A276-9E0D57C4C790}.Debug|x86.ActiveCfg = Debug|Win32
		{1DCE3967-3A56-4318-A276-9E0D57C4C790}.Debug|x86.Build.0 = Debug|Win32
		{1DCE3967-3A56-4318-A276-9E0D57C4C790}.Release|x64.ActiveCfg = Release|x64
		{1DCE3967-3A56-4318-A276-9E0D57C4C790}.Release|x64.Build.0 = Release|x64
		{1DCE3967-3A56-4318-A276-9E0D57C4C790}.Release|x86.ActiveCfg = Release|Win32
		{1DCE3967-3A56-4318-A276-9E0D57C4C790}.Release|x86.Build.0 = Release|Win32
		{3A2C6F69-1794-4B9F-98F7-7A4F0549E5FC}.Debug|x64.ActiveCfg = Debug|x64
		{3A2C6F69-1794-4B9F-98F7-7A4F0549E5FC}.Debug|x64.Build.0 = Debug|x64
		{3A2C6F69-1794-4B9F-98F7-7A4F0549E5FC}.Debug|x86.ActiveCfg = Debug|Win32
		{3A2C6F69-1794-4B9F-98F7-7A4F0549E5FC}.Debug|x86.Build.0 = Debug|Win32
		{3A2C6F69-1794-4B9F-98F7-7A4F0549E5FC}.Release|x64.ActiveCfg = Release|x64
		{3A2C6F69-1794-4B9F-98F7-7A4F0549E5FC}.Release|x64.Build.0 = Release|x64
		{3A2C6F69-1794-4B9F-98F7-7A4F0549E5FC}.Release|x86.ActiveCfg = Release|Win32
		{3A2C6F69-1794-4B9F-98F7-7A4F0549E5FC}.Release|x86.Build.0 = Release|Win32
		{56876494-B6F2-4500-A205-98879B179696}.Debug|x64.ActiveCfg = Debug|x64
		{56876494-B6F2-4500-A205-98879B179696}.Debug|x64.Build.0 = Debug|x64
		{56876494-B6F2-4500-A205-98879B179696}.Debug|x86.ActiveCfg = Debug|Win32
		{56876494-B6F2-4500-A205-98879B179696}.Debug|x86.Build.0 = Debug|Win32
		{56876494-B6F2-4500-A205-98879B179696}.Release|x64.ActiveCfg = Release|x64
		{56876494-B6F2-4500-A205-98879B179696}.Release|x64.Build.0 = Release|x64
		{56876494-B6F2-4500-A205-98879B179696}.Release|x86.ActiveCfg = Release|Win32
		{56876494-B6F2-4500-A205-98879B179696}.Release|x86.Build.0 = Release|Win32
		{BF6B4E60-8776-4A6A-B3A0-0CB8AFA54DE1}.Debug|x64.ActiveCfg = Debug|x64
		{BF6B4E60-8776-4A6A-B3A0-0CB8AFA54DE1}.Debug|x64.Build.0 = Debug|x64
		{BF6B4E60-8776-4A6A-B3A0-0CB8AFA54DE1}.Debug|x86.ActiveCfg = Debug|Win32
		{BF6B4E60-8776-4A6A-B3A0-0CB8AFA54DE1}.Debug|x86.Build.0 = Debug|Win32
		{BF6B4E60-8776-4A6A-B3A0-0CB8AFA54DE1}.Release|x64.ActiveCfg = Release|x64
		{BF6B4E60-8776-4A6A-B3A0-0CB8AFA54DE1}.Release|x64.Build.0 = Release|x64
		{BF6B4E60-8776-4A6A-B3A0-0CB8AFA54DE1}.Release|x86.ActiveCfg = Release|Win32
		{BF6B4E60-8776-4A6A-B3A0-0CB8AFA54DE1}.Release|x86.Build.0 = Release|Win32
		{868BF75A-9515-42D4-9607-37A8167E503D}.Debug|x64.ActiveCfg = Debug|x64
		{868BF75A-9515-42D4-9607-37A8167E503D}.Debug|x64.Build.0 = Debug|x64
		{868BF75A-9515-42D4-9607-37A8167E503D}.Debug|x86.ActiveCfg = Debug|Win32
		{868BF75A-9515-42D4-9607-37A8167E503D}.Debug|x86.Build.0 = Debug|Win32
		{868BF75A-9515-42D4-9607-37A8167E503D}.Release|x64.ActiveCfg = Release|x64
		{868BF75A-9515-42D4-9607-37A8167E503D}.Release|x64.Build.0 = Release|x64
		{868BF75A-9515-42D4-9607-37A8167E503D}.Release|x86.ActiveCfg = Release|Win32
		{868BF75A-9515-42D4-9607-37A8167E503D}.Release|x86.Build.0 = Release|Win32
		{EE768561-46FE-4373-AAA2-90AF18979436}.Debug|x64.ActiveCfg = Debug|x64
		{EE768561-46FE-4373-AAA2-90AF18979436}.Debug|x64.Build.0 = Debug|x64
		{EE768561-46FE-4373-AAA2-90AF18979436}.Debug|x86.ActiveCfg = Debug|Win32
		{EE768561-46FE-4373-AAA2-90AF18979436}.Debug|x86.Build.0 = Debug|Win32
		{EE768561-46FE-4373-AAA2-90AF18979436}.Release|x64.ActiveCfg = Release|x64
		{EE768561-46FE-4373-AAA2-90AF18979436}.Release|x64.Build.0 = Release|x64
		{EE768561-46FE-4373-AAA2-90AF18979436}.Release|x86.ActiveCfg = Release|Win32
		{EE768561-46FE-4373-AAA2-90AF18979436}.Release|x86.Build.0 = Release|Win32
		{75EACBE1-84B1-4696-88CD-C66379AAE724}.Debug|x64.ActiveCfg = Debug|x64
		{75EACBE1-84B1-4696-88CD-C66379AAE724}.Debug|x64.Build.0 = Debug|x64
		{75EACBE1-84B1-4696-88CD-C66379AAE724}.Debug|x86.ActiveCfg = Debug|Win32
		{75EACBE1-84B1-4696-88CD-C66379AAE724}.Debug|x86.Build.0 = Debug|Win32
		{75EACBE1-84B1-4696-88CD-C66379AAE724}.Release|x64.ActiveCfg = Release|x64
		{75EACBE1-84B1-4696-88CD-C66379AAE724}.Release|x64.Build.0 = Release|x64
		{75EACBE1-84B1-4696-88CD-C66379AAE724}.Release|x86.ActiveCfg = Release|Win32
		{75EACBE1-84B1-4696-88CD-C66379AAE724}.Release|x86.Build.0 = Release|Win32
		{030DDDBC-6310-4C0D-B8EE-6634BEB3B36D}.Debug|x64.ActiveCfg = Debug|x64
		{030DDDBC-6310-4C0D-B8EE-6634BEB3B36D}.Debug|x64.Build.0 = Debug|x64
		{030DDDBC-6310-4C0D-B8EE-6634BEB3B36D}.Debug|x86.ActiveCfg = Debug|Win32
		{030DDDBC-6310-4C0D-B8EE-6634BEB3B36D}.Debug|x86.Build.0 = Debug|Win32
		{030DDDBC-6310-4C0D-B8EE-6634BEB3B36D}.Release|x64.ActiveCfg = Release|x64
		{030DDDBC-6310-4C0D-B8EE-6634BEB3B36D}.Release|x64.Build.0 = Release|x64
		{030DDDBC-6310-4C0D-B8EE-6634BEB3B36D}.Release|x86.ActiveCfg = Release|Win32
		{030DDDBC-6310-4C0D-B8EE-6634BEB3B36D}.Release|x86.Build.0 = Release|Win32
		{F767C93A-4EED-4D32-8AC9-E34B3A460DE7}.Debug|x64.ActiveCfg = Debug|x64
		{F767C93A-4EED-4D32-8AC9-E34B3A460DE7}.Debug|x64.Build.0 = Debug|x64
		{F767C93A-4EED-4D32-8AC9-E34B3A460DE7}.Debug|x86.ActiveCfg = Debug|Win32
		{F767C93A-4EED-4D32-8AC9-E34B3A460DE7}.Debug|x86.Build.0 = Debug|Win32
		{F767C93A-4EED-4D32-8AC9-E34B3A460DE7}.Release|x64.ActiveCfg = Release|x64
		{F767C93A-4EED-4D32-8AC9-E34B3A460DE7}.Release|x64.Build.0 = Release|x64
		{F767C93A-4EED-4D32-8AC9-E34B3A460DE7}.Release|x86.ActiveCfg = Release|Win32
		{F767C93A-4EED-4D32-8AC9-E34B3A460DE7}.Release|x86.Build.0 = Release|Win32
		{B1A1CE03-491E-468B-9B20-BB3AB1C02F36}.Debug|x64.ActiveCfg = Debug|x64
		{B1A1CE03-491E-468B-9B20-BB3AB1C02F36}.Debug|x64.Build.0 = Debug|x64
		{B1A1CE03-491E-468B-9B20-BB3AB1C02F36}.Debug|x86.ActiveCfg = Debug|Win32
		{B1A1CE03-491E-468B-9B20-BB3AB1C02F36}.Debug|x86.Build.0 = Debug|Win32
		{B1A1CE03-491E-468B-9B20-BB3AB1C02F36}.Release|x64.ActiveCfg = Release|x64
		{B1A1CE03-491E-468B-9B20-BB3AB1C02F36}.Release|x64.Build.0 = Release|x64
		{B1A1CE03-491E-468B-9B20-BB3AB1C02F36}.Release|x86.ActiveCfg = Release|Win32
		{B1A1CE03-491E-468B-9B20-BB3AB1C02F36}.Release|x86.Build.0 = Release|Win32
	EndGlobalSection
	GlobalSection(SolutionProperties) = preSolution
		HideSolutionNode = FALSE
	EndGlobalSection
	GlobalSection(ExtensibilityGlobals) = postSolution
		SolutionGuid = {EEAE004B-3D34-4012-816F-9BFB74C5F563}
	EndGlobalSection
EndGlobal
